
Microsoft Visual Studio Solution File, Format Version 12.00
# Visual Studio Version 17
VisualStudioVersion = 17.8.34322.80
MinimumVisualStudioVersion = 10.0.40219.1
Project("{FAE04EC0-301F-11D3-BF4B-00C04F79EFBC}") = "Clinica.API", "Clinica.API\Clinica.API.csproj", "{8A6957F5-4F40-401C-8802-48690E747D77}"
EndProject
Global
	GlobalSection(SolutionConfigurationPlatforms) = preSolution
		Debug|Any CPU = Debug|Any CPU
		Release|Any CPU = Release|Any CPU
	EndGlobalSection
	GlobalSection(ProjectConfigurationPlatforms) = postSolution
		{8A6957F5-4F40-401C-8802-48690E747D77}.Debug|Any CPU.ActiveCfg = Debug|Any CPU
		{8A6957F5-4F40-401C-8802-48690E747D77}.Debug|Any CPU.Build.0 = Debug|Any CPU
		{8A6957F5-4F40-401C-8802-48690E747D77}.Release|Any CPU.ActiveCfg = Release|Any CPU
		{8A6957F5-4F40-401C-8802-48690E747D77}.Release|Any CPU.Build.0 = Release|Any CPU
	EndGlobalSection
	GlobalSection(SolutionProperties) = preSolution
		HideSolutionNode = FALSE
	EndGlobalSection
	GlobalSection(ExtensibilityGlobals) = postSolution
		SolutionGuid = {820DC11B-F80F-4756-AAAC-8CB7022C54B0}
	EndGlobalSection
EndGlobal
